<?xml version="1.0" encoding="utf-8"?>
<Project ToolsVersion="4.0" xmlns="http://schemas.microsoft.com/developer/msbuild/2003">
  <ItemGroup>
    <Filter Include="Enums">
      <UniqueIdentifier>{cbc178e8-7591-4912-a0a1-636ad3a6b7a4}</UniqueIdentifier>
    </Filter>
    <Filter Include="Types">
      <UniqueIdentifier>{06079819-62c3-41f8-aef2-a7c0756ef1fc}</UniqueIdentifier>
    </Filter>
  </ItemGroup>
  <ItemGroup>
    <ClInclude Include="Token.h" />
    <ClInclude Include="TokenType.h" />
    <ClInclude Include="List.h" />
    <ClInclude Include="Basics.h" />
    <ClInclude Include="Scanner.h" />
    <ClInclude Include="precedens.h" />
    <ClInclude Include="Tests.h" />
    <ClInclude Include="Parser.h" />
    <ClInclude Include="errors.h" />
    <ClInclude Include="ADT.h" />
    <ClInclude Include="ManagedMalloc.h" />
    <ClInclude Include="TestExpectToken.h" />
    <ClInclude Include="TestScanner.h" />
    <ClInclude Include="TestStack.h" />
    <ClInclude Include="TestSymTable.h" />
    <ClInclude Include="SymTable.h" />
    <ClInclude Include="generator.h" />
    <ClInclude Include="functiontable.h" />
  </ItemGroup>
  <ItemGroup>
    <ClCompile Include="Scanner.c" />
    <ClCompile Include="Token.c" />
    <ClCompile Include="List.c" />
    <ClCompile Include="Start.c" />
    <ClCompile Include="Tests.c" />
    <ClCompile Include="Parser.c" />
    <ClCompile Include="ADT.c" />
    <ClCompile Include="ManagedMalloc.c" />
    <ClCompile Include="TestExpectToken.c" />
    <ClCompile Include="TestScanner.c" />
    <ClCompile Include="SymTable.c" />
    <ClCompile Include="TestStack.c" />
    <ClCompile Include="TestSymTable.c" />
    <ClCompile Include="generator.c" />
    <ClCompile Include="functiontable.c" />
  </ItemGroup>
  <ItemGroup>
    <Text Include="TestSamples\iterativeFactorial.txt" />
    <Text Include="TestSamples\stringTests.txt" />
    <Text Include="TestSamples\basic.txt" />
    <Text Include="TestSamples\ScannerTests\INTVAL.txt" />
    <Text Include="TestSamples\ScannerTests\StringValue.txt" />
    <Text Include="TestSamples\ScannerTests\DoubleValue.txt" />
    <Text Include="TestSamples\ScannerTests\comment.txt" />
    <Text Include="TestSamples\ScannerTests\id.txt" />
    <Text Include="TestSamples\ParserTests\Expression1.txt" />
    <Text Include="TestSamples\ParserTests\simplifiedIterativeFactorial.txt" />
    <Text Include="TestSamples\ScannerTests\ErrorTest_1.txt" />
    <Text Include="TestSamples\ScannerTests\ErrorComment.txt" />
    <Text Include="TestSamples\ScannerTests\Keywords.txt" />
    <Text Include="TestSamples\ScannerTests\ReservedWords.txt" />
    <Text Include="TestSamples\ScannerTests\ErrorComment2.txt" />
    <Text Include="TestSamples\ScannerTests\DoubleValueError1.txt" />
    <Text Include="TestSamples\ScannerTests\DoubleValueError2.txt" />
    <Text Include="TestSamples\ScannerTests\DoubleValue2.txt" />
    <Text Include="TestSamples\ScannerTests\DoubleValueError3.txt" />
    <Text Include="TestSamples\ScannerTests\DoubleValueError4.txt" />
    <Text Include="TestSamples\ScannerTests\DoubleValue3.txt" />
    <Text Include="TestSamples\ScannerTests\DoubleValue4.txt" />
    <Text Include="TestSamples\ScannerTests\StringError1.txt" />
    <Text Include="TestSamples\ScannerTests\Identificator2.txt" />
    <Text Include="TestSamples\ScannerTests\Identificator3.txt" />
    <Text Include="TestSamples\ScannerTests\StringError2.txt" />
    <Text Include="TestSamples\ParserTests\ScopeOnly.txt" />
    <Text Include="TestSamples\ParserTests\MultipleVarDeclaration.txt" />
    <Text Include="TestSamples\ParserTests\VarDeclarationWithAllTypes.txt" />
    <Text Include="TestSamples\ParserTests\printWithoutSpace.txt" />
    <Text Include="TestSamples\ScannerTests\BlockCommentErr.txt" />
    <Text Include="TestSamples\ParserTests\Comments.txt" />
    <Text Include="TestSamples\ParserTests\Summator.txt" />
    <Text Include="TestSamples\ParserTests\TypeMissmatch.txt" />
  </ItemGroup>
</Project>