<?xml version="1.0" encoding="utf-8"?>
<Project ToolsVersion="4.0" xmlns="http://schemas.microsoft.com/developer/msbuild/2003">
  <ItemGroup>
    <Filter Include="Enums">
      <UniqueIdentifier>{cbc178e8-7591-4912-a0a1-636ad3a6b7a4}</UniqueIdentifier>
    </Filter>
    <Filter Include="Types">
      <UniqueIdentifier>{06079819-62c3-41f8-aef2-a7c0756ef1fc}</UniqueIdentifier>
    </Filter>
  </ItemGroup>
  <ItemGroup>
    <ClInclude Include="Token.h" />
    <ClInclude Include="TokenType.h" />
    <ClInclude Include="List.h" />
    <ClInclude Include="Basics.h" />
    <ClInclude Include="Scanner.h" />
    <ClInclude Include="precedens.h" />
    <ClInclude Include="Tests.h" />
    <ClInclude Include="Parser.h" />
    <ClInclude Include="errors.h" />
    <ClInclude Include="ADT.h" />
    <ClInclude Include="ManagedMalloc.h" />
    <ClInclude Include="TestExpectToken.h" />
    <ClInclude Include="TestScanner.h" />
    <ClInclude Include="SymTable.h" />
  </ItemGroup>
  <ItemGroup>
    <ClCompile Include="Scanner.c" />
    <ClCompile Include="Token.c" />
    <ClCompile Include="List.c" />
    <ClCompile Include="Start.c" />
    <ClCompile Include="Tests.c" />
    <ClCompile Include="Parser.c" />
    <ClCompile Include="ADT.c" />
    <ClCompile Include="ManagedMalloc.c" />
    <ClCompile Include="TestExpectToken.c" />
    <ClCompile Include="TestScanner.c" />
    <ClCompile Include="SymTable.c" />
  </ItemGroup>
  <ItemGroup>
    <Text Include="TestSamples\iterativeFactorial.txt" />
    <Text Include="TestSamples\stringTests.txt" />
    <Text Include="TestSamples\basic.txt" />
    <Text Include="TestSamples\ScannerTests\INTVAL.txt" />
    <Text Include="TestSamples\ScannerTests\DoubleValue.txt" />
    <Text Include="TestSamples\ScannerTests\StringValue.txt" />
  </ItemGroup>
</Project>